// !$*UTF8*$!
{
	archiveVersion = 1;
	classes = {
	};
	objectVersion = 56;
	objects = {

/* Begin PBXBuildFile section */
		BE0B8C972C43B266009B2189 /* iOS_SwiftUILearningApp.swift in Sources */ = {isa = PBXBuildFile; fileRef = BE0B8C962C43B266009B2189 /* iOS_SwiftUILearningApp.swift */; };
		BE0B8C992C43B266009B2189 /* ContentView.swift in Sources */ = {isa = PBXBuildFile; fileRef = BE0B8C982C43B266009B2189 /* ContentView.swift */; };
		BE0B8C9B2C43B273009B2189 /* Assets.xcassets in Resources */ = {isa = PBXBuildFile; fileRef = BE0B8C9A2C43B273009B2189 /* Assets.xcassets */; };
		BE0B8C9F2C43B273009B2189 /* Preview Assets.xcassets in Resources */ = {isa = PBXBuildFile; fileRef = BE0B8C9E2C43B273009B2189 /* Preview Assets.xcassets */; };
		BE0B8CA62C440681009B2189 /* Hexgonal.swift in Sources */ = {isa = PBXBuildFile; fileRef = BE0B8CA52C440681009B2189 /* Hexgonal.swift */; };
		BE0B8CA82C454175009B2189 /* MyForms.swift in Sources */ = {isa = PBXBuildFile; fileRef = BE0B8CA72C454175009B2189 /* MyForms.swift */; };
		BE0B8CAA2C455B6C009B2189 /* StateVarialble.swift in Sources */ = {isa = PBXBuildFile; fileRef = BE0B8CA92C455B6C009B2189 /* StateVarialble.swift */; };
		BE0B8CAC2C455F01009B2189 /* StateBinding.swift in Sources */ = {isa = PBXBuildFile; fileRef = BE0B8CAB2C455F01009B2189 /* StateBinding.swift */; };
		BE0B8CAE2C45A490009B2189 /* CreatingviewsInLoop.swift in Sources */ = {isa = PBXBuildFile; fileRef = BE0B8CAD2C45A490009B2189 /* CreatingviewsInLoop.swift */; };
		BE0B8CB02C45A87D009B2189 /* PickerView.swift in Sources */ = {isa = PBXBuildFile; fileRef = BE0B8CAF2C45A87D009B2189 /* PickerView.swift */; };
		BE0B8CB22C45B04A009B2189 /* Textfieldview.swift in Sources */ = {isa = PBXBuildFile; fileRef = BE0B8CB12C45B04A009B2189 /* Textfieldview.swift */; };
		BE0B8CB42C464566009B2189 /* StacksView.swift in Sources */ = {isa = PBXBuildFile; fileRef = BE0B8CB32C464566009B2189 /* StacksView.swift */; };
		BE0B8CB62C464F66009B2189 /* ColorsAndFrames.swift in Sources */ = {isa = PBXBuildFile; fileRef = BE0B8CB52C464F66009B2189 /* ColorsAndFrames.swift */; };
		BE0B8CB82C46561B009B2189 /* GradientColor.swift in Sources */ = {isa = PBXBuildFile; fileRef = BE0B8CB72C46561B009B2189 /* GradientColor.swift */; };
		BE0B8CBA2C468861009B2189 /* ButtonAndImage.swift in Sources */ = {isa = PBXBuildFile; fileRef = BE0B8CB92C468861009B2189 /* ButtonAndImage.swift */; };
		BE0B8CBC2C46A0B2009B2189 /* Alertview.swift in Sources */ = {isa = PBXBuildFile; fileRef = BE0B8CBB2C46A0B1009B2189 /* Alertview.swift */; };
		BE0B8CBE2C4754EE009B2189 /* Backgroundcolor.swift in Sources */ = {isa = PBXBuildFile; fileRef = BE0B8CBD2C4754EE009B2189 /* Backgroundcolor.swift */; };
		BE0B8CC02C47A800009B2189 /* ConditionalModifier.swift in Sources */ = {isa = PBXBuildFile; fileRef = BE0B8CBF2C47A800009B2189 /* ConditionalModifier.swift */; };
		BE0B8CC22C47F01D009B2189 /* ViewesAndProperties.swift in Sources */ = {isa = PBXBuildFile; fileRef = BE0B8CC12C47F01D009B2189 /* ViewesAndProperties.swift */; };
		BE0B8CC42C47F559009B2189 /* ViewComposition.swift in Sources */ = {isa = PBXBuildFile; fileRef = BE0B8CC32C47F559009B2189 /* ViewComposition.swift */; };
		BE0B8CC62C48880D009B2189 /* ViewModifiers.swift in Sources */ = {isa = PBXBuildFile; fileRef = BE0B8CC52C48880D009B2189 /* ViewModifiers.swift */; };
/* End PBXBuildFile section */

/* Begin PBXFileReference section */
		BE0B8C932C43B266009B2189 /* iOS_SwiftUILearning.app */ = {isa = PBXFileReference; explicitFileType = wrapper.application; includeInIndex = 0; path = iOS_SwiftUILearning.app; sourceTree = BUILT_PRODUCTS_DIR; };
		BE0B8C962C43B266009B2189 /* iOS_SwiftUILearningApp.swift */ = {isa = PBXFileReference; lastKnownFileType = sourcecode.swift; path = iOS_SwiftUILearningApp.swift; sourceTree = "<group>"; };
		BE0B8C982C43B266009B2189 /* ContentView.swift */ = {isa = PBXFileReference; lastKnownFileType = sourcecode.swift; path = ContentView.swift; sourceTree = "<group>"; };
		BE0B8C9A2C43B273009B2189 /* Assets.xcassets */ = {isa = PBXFileReference; lastKnownFileType = folder.assetcatalog; path = Assets.xcassets; sourceTree = "<group>"; };
		BE0B8C9C2C43B273009B2189 /* iOS_SwiftUILearning.entitlements */ = {isa = PBXFileReference; lastKnownFileType = text.plist.entitlements; path = iOS_SwiftUILearning.entitlements; sourceTree = "<group>"; };
		BE0B8C9E2C43B273009B2189 /* Preview Assets.xcassets */ = {isa = PBXFileReference; lastKnownFileType = folder.assetcatalog; path = "Preview Assets.xcassets"; sourceTree = "<group>"; };
		BE0B8CA52C440681009B2189 /* Hexgonal.swift */ = {isa = PBXFileReference; lastKnownFileType = sourcecode.swift; path = Hexgonal.swift; sourceTree = "<group>"; };
		BE0B8CA72C454175009B2189 /* MyForms.swift */ = {isa = PBXFileReference; lastKnownFileType = sourcecode.swift; path = MyForms.swift; sourceTree = "<group>"; };
		BE0B8CA92C455B6C009B2189 /* StateVarialble.swift */ = {isa = PBXFileReference; lastKnownFileType = sourcecode.swift; path = StateVarialble.swift; sourceTree = "<group>"; };
		BE0B8CAB2C455F01009B2189 /* StateBinding.swift */ = {isa = PBXFileReference; lastKnownFileType = sourcecode.swift; path = StateBinding.swift; sourceTree = "<group>"; };
		BE0B8CAD2C45A490009B2189 /* CreatingviewsInLoop.swift */ = {isa = PBXFileReference; lastKnownFileType = sourcecode.swift; path = CreatingviewsInLoop.swift; sourceTree = "<group>"; };
		BE0B8CAF2C45A87D009B2189 /* PickerView.swift */ = {isa = PBXFileReference; lastKnownFileType = sourcecode.swift; path = PickerView.swift; sourceTree = "<group>"; };
		BE0B8CB12C45B04A009B2189 /* Textfieldview.swift */ = {isa = PBXFileReference; lastKnownFileType = sourcecode.swift; path = Textfieldview.swift; sourceTree = "<group>"; };
		BE0B8CB32C464566009B2189 /* StacksView.swift */ = {isa = PBXFileReference; lastKnownFileType = sourcecode.swift; path = StacksView.swift; sourceTree = "<group>"; };
		BE0B8CB52C464F66009B2189 /* ColorsAndFrames.swift */ = {isa = PBXFileReference; lastKnownFileType = sourcecode.swift; path = ColorsAndFrames.swift; sourceTree = "<group>"; };
		BE0B8CB72C46561B009B2189 /* GradientColor.swift */ = {isa = PBXFileReference; lastKnownFileType = sourcecode.swift; path = GradientColor.swift; sourceTree = "<group>"; };
		BE0B8CB92C468861009B2189 /* ButtonAndImage.swift */ = {isa = PBXFileReference; lastKnownFileType = sourcecode.swift; path = ButtonAndImage.swift; sourceTree = "<group>"; };
		BE0B8CBB2C46A0B1009B2189 /* Alertview.swift */ = {isa = PBXFileReference; lastKnownFileType = sourcecode.swift; path = Alertview.swift; sourceTree = "<group>"; };
		BE0B8CBD2C4754EE009B2189 /* Backgroundcolor.swift */ = {isa = PBXFileReference; lastKnownFileType = sourcecode.swift; path = Backgroundcolor.swift; sourceTree = "<group>"; };
		BE0B8CBF2C47A800009B2189 /* ConditionalModifier.swift */ = {isa = PBXFileReference; lastKnownFileType = sourcecode.swift; path = ConditionalModifier.swift; sourceTree = "<group>"; };
		BE0B8CC12C47F01D009B2189 /* ViewesAndProperties.swift */ = {isa = PBXFileReference; lastKnownFileType = sourcecode.swift; path = ViewesAndProperties.swift; sourceTree = "<group>"; };
		BE0B8CC32C47F559009B2189 /* ViewComposition.swift */ = {isa = PBXFileReference; lastKnownFileType = sourcecode.swift; path = ViewComposition.swift; sourceTree = "<group>"; };
		BE0B8CC52C48880D009B2189 /* ViewModifiers.swift */ = {isa = PBXFileReference; lastKnownFileType = sourcecode.swift; path = ViewModifiers.swift; sourceTree = "<group>"; };
/* End PBXFileReference section */

/* Begin PBXFrameworksBuildPhase section */
		BE0B8C902C43B266009B2189 /* Frameworks */ = {
			isa = PBXFrameworksBuildPhase;
			buildActionMask = 2147483647;
			files = (
			);
			runOnlyForDeploymentPostprocessing = 0;
		};
/* End PBXFrameworksBuildPhase section */

/* Begin PBXGroup section */
		BE0B8C8A2C43B266009B2189 = {
			isa = PBXGroup;
			children = (
				BE0B8C952C43B266009B2189 /* iOS_SwiftUILearning */,
				BE0B8C942C43B266009B2189 /* Products */,
			);
			sourceTree = "<group>";
		};
		BE0B8C942C43B266009B2189 /* Products */ = {
			isa = PBXGroup;
			children = (
				BE0B8C932C43B266009B2189 /* iOS_SwiftUILearning.app */,
			);
			name = Products;
			sourceTree = "<group>";
		};
		BE0B8C952C43B266009B2189 /* iOS_SwiftUILearning */ = {
			isa = PBXGroup;
			children = (
				BE0B8C962C43B266009B2189 /* iOS_SwiftUILearningApp.swift */,
				BE0B8C982C43B266009B2189 /* ContentView.swift */,
				BE0B8CA72C454175009B2189 /* MyForms.swift */,
				BE0B8CA92C455B6C009B2189 /* StateVarialble.swift */,
				BE0B8CAB2C455F01009B2189 /* StateBinding.swift */,
				BE0B8CAD2C45A490009B2189 /* CreatingviewsInLoop.swift */,
				BE0B8CAF2C45A87D009B2189 /* PickerView.swift */,
				BE0B8CB12C45B04A009B2189 /* Textfieldview.swift */,
				BE0B8CB32C464566009B2189 /* StacksView.swift */,
				BE0B8CB52C464F66009B2189 /* ColorsAndFrames.swift */,
				BE0B8CA52C440681009B2189 /* Hexgonal.swift */,
				BE0B8CB72C46561B009B2189 /* GradientColor.swift */,
				BE0B8CB92C468861009B2189 /* ButtonAndImage.swift */,
				BE0B8CBB2C46A0B1009B2189 /* Alertview.swift */,
				BE0B8CBD2C4754EE009B2189 /* Backgroundcolor.swift */,
				BE0B8CBF2C47A800009B2189 /* ConditionalModifier.swift */,
				BE0B8CC12C47F01D009B2189 /* ViewesAndProperties.swift */,
				BE0B8CC32C47F559009B2189 /* ViewComposition.swift */,
				BE0B8CC52C48880D009B2189 /* ViewModifiers.swift */,
				BE0B8C9A2C43B273009B2189 /* Assets.xcassets */,
				BE0B8C9C2C43B273009B2189 /* iOS_SwiftUILearning.entitlements */,
				BE0B8C9D2C43B273009B2189 /* Preview Content */,
			);
			path = iOS_SwiftUILearning;
			sourceTree = "<group>";
		};
		BE0B8C9D2C43B273009B2189 /* Preview Content */ = {
			isa = PBXGroup;
			children = (
				BE0B8C9E2C43B273009B2189 /* Preview Assets.xcassets */,
			);
			path = "Preview Content";
			sourceTree = "<group>";
		};
/* End PBXGroup section */

/* Begin PBXNativeTarget section */
		BE0B8C922C43B266009B2189 /* iOS_SwiftUILearning */ = {
			isa = PBXNativeTarget;
			buildConfigurationList = BE0B8CA22C43B273009B2189 /* Build configuration list for PBXNativeTarget "iOS_SwiftUILearning" */;
			buildPhases = (
				BE0B8C8F2C43B266009B2189 /* Sources */,
				BE0B8C902C43B266009B2189 /* Frameworks */,
				BE0B8C912C43B266009B2189 /* Resources */,
			);
			buildRules = (
			);
			dependencies = (
			);
			name = iOS_SwiftUILearning;
			productName = iOS_SwiftUILearning;
			productReference = BE0B8C932C43B266009B2189 /* iOS_SwiftUILearning.app */;
			productType = "com.apple.product-type.application";
		};
/* End PBXNativeTarget section */

/* Begin PBXProject section */
		BE0B8C8B2C43B266009B2189 /* Project object */ = {
			isa = PBXProject;
			attributes = {
				BuildIndependentTargetsInParallel = 1;
				LastSwiftUpdateCheck = 1540;
				LastUpgradeCheck = 1540;
				TargetAttributes = {
					BE0B8C922C43B266009B2189 = {
						CreatedOnToolsVersion = 15.4;
					};
				};
			};
			buildConfigurationList = BE0B8C8E2C43B266009B2189 /* Build configuration list for PBXProject "iOS_SwiftUILearning" */;
			compatibilityVersion = "Xcode 14.0";
			developmentRegion = en;
			hasScannedForEncodings = 0;
			knownRegions = (
				en,
				Base,
			);
			mainGroup = BE0B8C8A2C43B266009B2189;
			productRefGroup = BE0B8C942C43B266009B2189 /* Products */;
			projectDirPath = "";
			projectRoot = "";
			targets = (
				BE0B8C922C43B266009B2189 /* iOS_SwiftUILearning */,
			);
		};
/* End PBXProject section */

/* Begin PBXResourcesBuildPhase section */
		BE0B8C912C43B266009B2189 /* Resources */ = {
			isa = PBXResourcesBuildPhase;
			buildActionMask = 2147483647;
			files = (
				BE0B8C9F2C43B273009B2189 /* Preview Assets.xcassets in Resources */,
				BE0B8C9B2C43B273009B2189 /* Assets.xcassets in Resources */,
			);
			runOnlyForDeploymentPostprocessing = 0;
		};
/* End PBXResourcesBuildPhase section */

/* Begin PBXSourcesBuildPhase section */
		BE0B8C8F2C43B266009B2189 /* Sources */ = {
			isa = PBXSourcesBuildPhase;
			buildActionMask = 2147483647;
			files = (
				BE0B8CBE2C4754EE009B2189 /* Backgroundcolor.swift in Sources */,
				BE0B8CB62C464F66009B2189 /* ColorsAndFrames.swift in Sources */,
				BE0B8C992C43B266009B2189 /* ContentView.swift in Sources */,
				BE0B8CC62C48880D009B2189 /* ViewModifiers.swift in Sources */,
				BE0B8CA82C454175009B2189 /* MyForms.swift in Sources */,
				BE0B8CBC2C46A0B2009B2189 /* Alertview.swift in Sources */,
				BE0B8CAA2C455B6C009B2189 /* StateVarialble.swift in Sources */,
				BE0B8CBA2C468861009B2189 /* ButtonAndImage.swift in Sources */,
				BE0B8CC22C47F01D009B2189 /* ViewesAndProperties.swift in Sources */,
				BE0B8CC02C47A800009B2189 /* ConditionalModifier.swift in Sources */,
				BE0B8CAC2C455F01009B2189 /* StateBinding.swift in Sources */,
				BE0B8CB02C45A87D009B2189 /* PickerView.swift in Sources */,
				BE0B8CB42C464566009B2189 /* StacksView.swift in Sources */,
				BE0B8CB82C46561B009B2189 /* GradientColor.swift in Sources */,
				BE0B8CC42C47F559009B2189 /* ViewComposition.swift in Sources */,
				BE0B8C972C43B266009B2189 /* iOS_SwiftUILearningApp.swift in Sources */,
				BE0B8CA62C440681009B2189 /* Hexgonal.swift in Sources */,
				BE0B8CB22C45B04A009B2189 /* Textfieldview.swift in Sources */,
				BE0B8CAE2C45A490009B2189 /* CreatingviewsInLoop.swift in Sources */,
			);
			runOnlyForDeploymentPostprocessing = 0;
		};
/* End PBXSourcesBuildPhase section */

/* Begin XCBuildConfiguration section */
		BE0B8CA02C43B273009B2189 /* Debug */ = {
			isa = XCBuildConfiguration;
			buildSettings = {
				ALWAYS_SEARCH_USER_PATHS = NO;
				ASSETCATALOG_COMPILER_GENERATE_SWIFT_ASSET_SYMBOL_EXTENSIONS = YES;
				CLANG_ANALYZER_NONNULL = YES;
				CLANG_ANALYZER_NUMBER_OBJECT_CONVERSION = YES_AGGRESSIVE;
				CLANG_CXX_LANGUAGE_STANDARD = "gnu++20";
				CLANG_ENABLE_MODULES = YES;
				CLANG_ENABLE_OBJC_ARC = YES;
				CLANG_ENABLE_OBJC_WEAK = YES;
				CLANG_WARN_BLOCK_CAPTURE_AUTORELEASING = YES;
				CLANG_WARN_BOOL_CONVERSION = YES;
				CLANG_WARN_COMMA = YES;
				CLANG_WARN_CONSTANT_CONVERSION = YES;
				CLANG_WARN_DEPRECATED_OBJC_IMPLEMENTATIONS = YES;
				CLANG_WARN_DIRECT_OBJC_ISA_USAGE = YES_ERROR;
				CLANG_WARN_DOCUMENTATION_COMMENTS = YES;
				CLANG_WARN_EMPTY_BODY = YES;
				CLANG_WARN_ENUM_CONVERSION = YES;
				CLANG_WARN_INFINITE_RECURSION = YES;
				CLANG_WARN_INT_CONVERSION = YES;
				CLANG_WARN_NON_LITERAL_NULL_CONVERSION = YES;
				CLANG_WARN_OBJC_IMPLICIT_RETAIN_SELF = YES;
				CLANG_WARN_OBJC_LITERAL_CONVERSION = YES;
				CLANG_WARN_OBJC_ROOT_CLASS = YES_ERROR;
				CLANG_WARN_QUOTED_INCLUDE_IN_FRAMEWORK_HEADER = YES;
				CLANG_WARN_RANGE_LOOP_ANALYSIS = YES;
				CLANG_WARN_STRICT_PROTOTYPES = YES;
				CLANG_WARN_SUSPICIOUS_MOVE = YES;
				CLANG_WARN_UNGUARDED_AVAILABILITY = YES_AGGRESSIVE;
				CLANG_WARN_UNREACHABLE_CODE = YES;
				CLANG_WARN__DUPLICATE_METHOD_MATCH = YES;
				COPY_PHASE_STRIP = NO;
				DEBUG_INFORMATION_FORMAT = dwarf;
				ENABLE_STRICT_OBJC_MSGSEND = YES;
				ENABLE_TESTABILITY = YES;
				ENABLE_USER_SCRIPT_SANDBOXING = YES;
				GCC_C_LANGUAGE_STANDARD = gnu17;
				GCC_DYNAMIC_NO_PIC = NO;
				GCC_NO_COMMON_BLOCKS = YES;
				GCC_OPTIMIZATION_LEVEL = 0;
				GCC_PREPROCESSOR_DEFINITIONS = (
					"DEBUG=1",
					"$(inherited)",
				);
				GCC_WARN_64_TO_32_BIT_CONVERSION = YES;
				GCC_WARN_ABOUT_RETURN_TYPE = YES_ERROR;
				GCC_WARN_UNDECLARED_SELECTOR = YES;
				GCC_WARN_UNINITIALIZED_AUTOS = YES_AGGRESSIVE;
				GCC_WARN_UNUSED_FUNCTION = YES;
				GCC_WARN_UNUSED_VARIABLE = YES;
				LOCALIZATION_PREFERS_STRING_CATALOGS = YES;
				MTL_ENABLE_DEBUG_INFO = INCLUDE_SOURCE;
				MTL_FAST_MATH = YES;
				ONLY_ACTIVE_ARCH = YES;
				SWIFT_ACTIVE_COMPILATION_CONDITIONS = "DEBUG $(inherited)";
				SWIFT_OPTIMIZATION_LEVEL = "-Onone";
			};
			name = Debug;
		};
		BE0B8CA12C43B273009B2189 /* Release */ = {
			isa = XCBuildConfiguration;
			buildSettings = {
				ALWAYS_SEARCH_USER_PATHS = NO;
				ASSETCATALOG_COMPILER_GENERATE_SWIFT_ASSET_SYMBOL_EXTENSIONS = YES;
				CLANG_ANALYZER_NONNULL = YES;
				CLANG_ANALYZER_NUMBER_OBJECT_CONVERSION = YES_AGGRESSIVE;
				CLANG_CXX_LANGUAGE_STANDARD = "gnu++20";
				CLANG_ENABLE_MODULES = YES;
				CLANG_ENABLE_OBJC_ARC = YES;
				CLANG_ENABLE_OBJC_WEAK = YES;
				CLANG_WARN_BLOCK_CAPTURE_AUTORELEASING = YES;
				CLANG_WARN_BOOL_CONVERSION = YES;
				CLANG_WARN_COMMA = YES;
				CLANG_WARN_CONSTANT_CONVERSION = YES;
				CLANG_WARN_DEPRECATED_OBJC_IMPLEMENTATIONS = YES;
				CLANG_WARN_DIRECT_OBJC_ISA_USAGE = YES_ERROR;
				CLANG_WARN_DOCUMENTATION_COMMENTS = YES;
				CLANG_WARN_EMPTY_BODY = YES;
				CLANG_WARN_ENUM_CONVERSION = YES;
				CLANG_WARN_INFINITE_RECURSION = YES;
				CLANG_WARN_INT_CONVERSION = YES;
				CLANG_WARN_NON_LITERAL_NULL_CONVERSION = YES;
				CLANG_WARN_OBJC_IMPLICIT_RETAIN_SELF = YES;
				CLANG_WARN_OBJC_LITERAL_CONVERSION = YES;
				CLANG_WARN_OBJC_ROOT_CLASS = YES_ERROR;
				CLANG_WARN_QUOTED_INCLUDE_IN_FRAMEWORK_HEADER = YES;
				CLANG_WARN_RANGE_LOOP_ANALYSIS = YES;
				CLANG_WARN_STRICT_PROTOTYPES = YES;
				CLANG_WARN_SUSPICIOUS_MOVE = YES;
				CLANG_WARN_UNGUARDED_AVAILABILITY = YES_AGGRESSIVE;
				CLANG_WARN_UNREACHABLE_CODE = YES;
				CLANG_WARN__DUPLICATE_METHOD_MATCH = YES;
				COPY_PHASE_STRIP = NO;
				DEBUG_INFORMATION_FORMAT = "dwarf-with-dsym";
				ENABLE_NS_ASSERTIONS = NO;
				ENABLE_STRICT_OBJC_MSGSEND = YES;
				ENABLE_USER_SCRIPT_SANDBOXING = YES;
				GCC_C_LANGUAGE_STANDARD = gnu17;
				GCC_NO_COMMON_BLOCKS = YES;
				GCC_WARN_64_TO_32_BIT_CONVERSION = YES;
				GCC_WARN_ABOUT_RETURN_TYPE = YES_ERROR;
				GCC_WARN_UNDECLARED_SELECTOR = YES;
				GCC_WARN_UNINITIALIZED_AUTOS = YES_AGGRESSIVE;
				GCC_WARN_UNUSED_FUNCTION = YES;
				GCC_WARN_UNUSED_VARIABLE = YES;
				LOCALIZATION_PREFERS_STRING_CATALOGS = YES;
				MTL_ENABLE_DEBUG_INFO = NO;
				MTL_FAST_MATH = YES;
				SWIFT_COMPILATION_MODE = wholemodule;
			};
			name = Release;
		};
		BE0B8CA32C43B273009B2189 /* Debug */ = {
			isa = XCBuildConfiguration;
			buildSettings = {
				ASSETCATALOG_COMPILER_APPICON_NAME = AppIcon;
				ASSETCATALOG_COMPILER_GLOBAL_ACCENT_COLOR_NAME = AccentColor;
				CODE_SIGN_ENTITLEMENTS = iOS_SwiftUILearning/iOS_SwiftUILearning.entitlements;
				CODE_SIGN_STYLE = Automatic;
				CURRENT_PROJECT_VERSION = 1;
				DEVELOPMENT_ASSET_PATHS = "\"iOS_SwiftUILearning/Preview Content\"";
				DEVELOPMENT_TEAM = 98X9DUC89A;
				ENABLE_HARDENED_RUNTIME = YES;
				ENABLE_PREVIEWS = YES;
				GENERATE_INFOPLIST_FILE = YES;
				"INFOPLIST_KEY_UIApplicationSceneManifest_Generation[sdk=iphoneos*]" = YES;
				"INFOPLIST_KEY_UIApplicationSceneManifest_Generation[sdk=iphonesimulator*]" = YES;
				"INFOPLIST_KEY_UIApplicationSupportsIndirectInputEvents[sdk=iphoneos*]" = YES;
				"INFOPLIST_KEY_UIApplicationSupportsIndirectInputEvents[sdk=iphonesimulator*]" = YES;
				"INFOPLIST_KEY_UILaunchScreen_Generation[sdk=iphoneos*]" = YES;
				"INFOPLIST_KEY_UILaunchScreen_Generation[sdk=iphonesimulator*]" = YES;
				"INFOPLIST_KEY_UIStatusBarStyle[sdk=iphoneos*]" = UIStatusBarStyleDefault;
				"INFOPLIST_KEY_UIStatusBarStyle[sdk=iphonesimulator*]" = UIStatusBarStyleDefault;
				INFOPLIST_KEY_UISupportedInterfaceOrientations_iPad = "UIInterfaceOrientationPortrait UIInterfaceOrientationPortraitUpsideDown UIInterfaceOrientationLandscapeLeft UIInterfaceOrientationLandscapeRight";
				INFOPLIST_KEY_UISupportedInterfaceOrientations_iPhone = "UIInterfaceOrientationPortrait UIInterfaceOrientationLandscapeLeft UIInterfaceOrientationLandscapeRight";
				IPHONEOS_DEPLOYMENT_TARGET = 17.5;
				LD_RUNPATH_SEARCH_PATHS = "@executable_path/Frameworks";
				"LD_RUNPATH_SEARCH_PATHS[sdk=macosx*]" = "@executable_path/../Frameworks";
				MACOSX_DEPLOYMENT_TARGET = 14.5;
				MARKETING_VERSION = 1.0;
				PRODUCT_BUNDLE_IDENTIFIER = "com.gv.iOS-SwiftUILearning";
				PRODUCT_NAME = "$(TARGET_NAME)";
				SDKROOT = auto;
				SUPPORTED_PLATFORMS = "iphoneos iphonesimulator macosx";
				SWIFT_EMIT_LOC_STRINGS = YES;
				SWIFT_VERSION = 5.0;
				TARGETED_DEVICE_FAMILY = "1,2";
			};
			name = Debug;
		};
		BE0B8CA42C43B273009B2189 /* Release */ = {
			isa = XCBuildConfiguration;
			buildSettings = {
				ASSETCATALOG_COMPILER_APPICON_NAME = AppIcon;
				ASSETCATALOG_COMPILER_GLOBAL_ACCENT_COLOR_NAME = AccentColor;
				CODE_SIGN_ENTITLEMENTS = iOS_SwiftUILearning/iOS_SwiftUILearning.entitlements;
				CODE_SIGN_STYLE = Automatic;
				CURRENT_PROJECT_VERSION = 1;
				DEVELOPMENT_ASSET_PATHS = "\"iOS_SwiftUILearning/Preview Content\"";
				DEVELOPMENT_TEAM = 98X9DUC89A;
				ENABLE_HARDENED_RUNTIME = YES;
				ENABLE_PREVIEWS = YES;
				GENERATE_INFOPLIST_FILE = YES;
				"INFOPLIST_KEY_UIApplicationSceneManifest_Generation[sdk=iphoneos*]" = YES;
				"INFOPLIST_KEY_UIApplicationSceneManifest_Generation[sdk=iphonesimulator*]" = YES;
				"INFOPLIST_KEY_UIApplicationSupportsIndirectInputEvents[sdk=iphoneos*]" = YES;
				"INFOPLIST_KEY_UIApplicationSupportsIndirectInputEvents[sdk=iphonesimulator*]" = YES;
				"INFOPLIST_KEY_UILaunchScreen_Generation[sdk=iphoneos*]" = YES;
				"INFOPLIST_KEY_UILaunchScreen_Generation[sdk=iphonesimulator*]" = YES;
				"INFOPLIST_KEY_UIStatusBarStyle[sdk=iphoneos*]" = UIStatusBarStyleDefault;
				"INFOPLIST_KEY_UIStatusBarStyle[sdk=iphonesimulator*]" = UIStatusBarStyleDefault;
				INFOPLIST_KEY_UISupportedInterfaceOrientations_iPad = "UIInterfaceOrientationPortrait UIInterfaceOrientationPortraitUpsideDown UIInterfaceOrientationLandscapeLeft UIInterfaceOrientationLandscapeRight";
				INFOPLIST_KEY_UISupportedInterfaceOrientations_iPhone = "UIInterfaceOrientationPortrait UIInterfaceOrientationLandscapeLeft UIInterfaceOrientationLandscapeRight";
				IPHONEOS_DEPLOYMENT_TARGET = 17.5;
				LD_RUNPATH_SEARCH_PATHS = "@executable_path/Frameworks";
				"LD_RUNPATH_SEARCH_PATHS[sdk=macosx*]" = "@executable_path/../Frameworks";
				MACOSX_DEPLOYMENT_TARGET = 14.5;
				MARKETING_VERSION = 1.0;
				PRODUCT_BUNDLE_IDENTIFIER = "com.gv.iOS-SwiftUILearning";
				PRODUCT_NAME = "$(TARGET_NAME)";
				SDKROOT = auto;
				SUPPORTED_PLATFORMS = "iphoneos iphonesimulator macosx";
				SWIFT_EMIT_LOC_STRINGS = YES;
				SWIFT_VERSION = 5.0;
				TARGETED_DEVICE_FAMILY = "1,2";
			};
			name = Release;
		};
/* End XCBuildConfiguration section */

/* Begin XCConfigurationList section */
		BE0B8C8E2C43B266009B2189 /* Build configuration list for PBXProject "iOS_SwiftUILearning" */ = {
			isa = XCConfigurationList;
			buildConfigurations = (
				BE0B8CA02C43B273009B2189 /* Debug */,
				BE0B8CA12C43B273009B2189 /* Release */,
			);
			defaultConfigurationIsVisible = 0;
			defaultConfigurationName = Release;
		};
		BE0B8CA22C43B273009B2189 /* Build configuration list for PBXNativeTarget "iOS_SwiftUILearning" */ = {
			isa = XCConfigurationList;
			buildConfigurations = (
				BE0B8CA32C43B273009B2189 /* Debug */,
				BE0B8CA42C43B273009B2189 /* Release */,
			);
			defaultConfigurationIsVisible = 0;
			defaultConfigurationName = Release;
		};
/* End XCConfigurationList section */
	};
	rootObject = BE0B8C8B2C43B266009B2189 /* Project object */;
}
